
Microsoft Visual Studio Solution File, Format Version 12.00
# Visual Studio Version 16
VisualStudioVersion = 16.0.30711.63
MinimumVisualStudioVersion = 10.0.40219.1
Project("{FAE04EC0-301F-11D3-BF4B-00C04F79EFBC}") = "Neurotypology", "Neurotypology.csproj", "{593A2F45-44BA-4D4C-B853-1FCB90607EA8}"
EndProject
Global
	GlobalSection(SolutionConfigurationPlatforms) = preSolution
		Debug|Any CPU = Debug|Any CPU
		Release|Any CPU = Release|Any CPU
	EndGlobalSection
	GlobalSection(ProjectConfigurationPlatforms) = postSolution
		{593A2F45-44BA-4D4C-B853-1FCB90607EA8}.Debug|Any CPU.ActiveCfg = Debug|Any CPU
		{593A2F45-44BA-4D4C-B853-1FCB90607EA8}.Debug|Any CPU.Build.0 = Debug|Any CPU
		{593A2F45-44BA-4D4C-B853-1FCB90607EA8}.Release|Any CPU.ActiveCfg = Release|Any CPU
		{593A2F45-44BA-4D4C-B853-1FCB90607EA8}.Release|Any CPU.Build.0 = Release|Any CPU
	EndGlobalSection
	GlobalSection(SolutionProperties) = preSolution
		HideSolutionNode = FALSE
	EndGlobalSection
	GlobalSection(ExtensibilityGlobals) = postSolution
		SolutionGuid = {9046D005-637E-4CDB-8994-0FC44C0FB086}
	EndGlobalSection
EndGlobal
